
Microsoft Visual Studio Solution File, Format Version 12.00
# Visual Studio Version 17
VisualStudioVersion = 17.8.34316.72
MinimumVisualStudioVersion = 10.0.40219.1
Project("{FAE04EC0-301F-11D3-BF4B-00C04F79EFBC}") = "Onyx.Products.Web.Api", "Onyx.Products.Web.Api\Onyx.Products.Web.Api.csproj", "{FC196B4F-3611-4D94-BBF7-C3EA6F1268AB}"
EndProject
Project("{FAE04EC0-301F-11D3-BF4B-00C04F79EFBC}") = "Onyx.Products.Web.Api.Tests", "Onyx.Products.Web.Api.Tests\Onyx.Products.Web.Api.Tests.csproj", "{37AE1C8B-51A1-4BD0-B9C8-2F33BF989132}"
EndProject
Global
	GlobalSection(SolutionConfigurationPlatforms) = preSolution
		Debug|Any CPU = Debug|Any CPU
		Release|Any CPU = Release|Any CPU
	EndGlobalSection
	GlobalSection(ProjectConfigurationPlatforms) = postSolution
		{FC196B4F-3611-4D94-BBF7-C3EA6F1268AB}.Debug|Any CPU.ActiveCfg = Debug|Any CPU
		{FC196B4F-3611-4D94-BBF7-C3EA6F1268AB}.Debug|Any CPU.Build.0 = Debug|Any CPU
		{FC196B4F-3611-4D94-BBF7-C3EA6F1268AB}.Release|Any CPU.ActiveCfg = Release|Any CPU
		{FC196B4F-3611-4D94-BBF7-C3EA6F1268AB}.Release|Any CPU.Build.0 = Release|Any CPU
		{37AE1C8B-51A1-4BD0-B9C8-2F33BF989132}.Debug|Any CPU.ActiveCfg = Debug|Any CPU
		{37AE1C8B-51A1-4BD0-B9C8-2F33BF989132}.Debug|Any CPU.Build.0 = Debug|Any CPU
		{37AE1C8B-51A1-4BD0-B9C8-2F33BF989132}.Release|Any CPU.ActiveCfg = Release|Any CPU
		{37AE1C8B-51A1-4BD0-B9C8-2F33BF989132}.Release|Any CPU.Build.0 = Release|Any CPU
	EndGlobalSection
	GlobalSection(SolutionProperties) = preSolution
		HideSolutionNode = FALSE
	EndGlobalSection
	GlobalSection(ExtensibilityGlobals) = postSolution
		SolutionGuid = {066BC99A-B43D-429C-9AEB-F30A337C5FFD}
	EndGlobalSection
EndGlobal
